github.com/JamesHovious/w32 v1.1.0 h1:Cghhl7dY4oawL2BvmsuxEb5cPwUw1ctPAq85VIt5qtQ=
github.com/JamesHovious/w32 v1.1.0/go.mod h1:/Y2i/iSYfWJypxp4NnirO9/V19yV2dJvNFCdU0hyW68=
github.com/gordonklaus/portaudio v0.0.0-20200911161147-bb74aa485641 h1:B7ADnac3Yy6Vtcp2mstnsjUtarYcjy4AL0R6eNEhZAk=
github.com/gordonklaus/portaudio v0.0.0-20200911161147-bb74aa485641/go.mod h1:HfYnZi/ARQKG0dwH5HNDmPCHdLiFiBf+SI7DbhW7et4=
pipelined.dev/audio v0.4.0 h1:f1UGhY8IVliS77W7S0V07M7iiHtucdJ56OSIsSTpMws=
pipelined.dev/audio/vst2 v0.8.0 h1:Jh4n9e9QzL1hTAAdaUhkHfvu5XXBGJoKcWxA9wwSxow=
pipelined.dev/audio/vst2 v0.8.0/go.mod h1:tk6cjKEKTBtSepjJt+knKN/B6xhLcdmDfja3FVblv2U=
pipelined.dev/pipe v0.9.0 h1:lZK1z2j7MT4p49/YG5ixdwm9SZR3ob6WRJRoyWOPS0o=
pipelined.dev/pipe v0.9.0/go.mod h1:GExMBEAGrfgMAXM3RRwZepzL+VSrAfq2iUeBMbOkTzw=
pipelined.dev/signal v0.9.0 h1:1tmBYsBQCP4TXYy+wCbv6LH3aiRrigqcx4i7dwSAd9U=
pipelined.dev/signal v0.9.0/go.mod h1:wi0YlA20+rinS9o+7IMZHH3/YsO3jkahHNLSCCfaEA0=
